
Microsoft Visual Studio Solution File, Format Version 12.00
Project("{FAE04EC0-301F-11D3-BF4B-00C04F79EFBC}") = "PersonalBlog.API", "PersonalBlog.API\PersonalBlog.API.csproj", "{390778A3-35FD-4B12-BD58-A892957582A1}"
EndProject
Project("{FAE04EC0-301F-11D3-BF4B-00C04F79EFBC}") = "PersonalBlog.DAL", "PersonalBlog.DAL\PersonalBlog.DAL.csproj", "{CCB23500-64DF-4EC6-9273-37B7822481B7}"
EndProject
Project("{FAE04EC0-301F-11D3-BF4B-00C04F79EFBC}") = "PersonalBlog.BLL", "PersonalBlog.BLL\PersonalBlog.BLL.csproj", "{F5A88C58-6CE9-4F2D-8E21-E740EE19B324}"
EndProject
Project("{FAE04EC0-301F-11D3-BF4B-00C04F79EFBC}") = "Tests", "Tests\Tests.csproj", "{0B6BFB66-EC10-419F-9EF3-20904E482048}"
EndProject
Project("{FAE04EC0-301F-11D3-BF4B-00C04F79EFBC}") = "PersonalBlog.API.FluentEmail", "PersonalBlog.API.FluentEmail\PersonalBlog.API.FluentEmail.csproj", "{4D468F9E-9039-487E-83B4-1F4912F1EFB5}"
EndProject
Project("{FAE04EC0-301F-11D3-BF4B-00C04F79EFBC}") = "PersonalBlog.Common", "PersonalBlog.Common\PersonalBlog.Common.csproj", "{F03B0255-17C7-4DF4-A3FD-2CFE43350DB0}"
EndProject
Global
	GlobalSection(SolutionConfigurationPlatforms) = preSolution
		Debug|Any CPU = Debug|Any CPU
		Release|Any CPU = Release|Any CPU
	EndGlobalSection
	GlobalSection(ProjectConfigurationPlatforms) = postSolution
		{390778A3-35FD-4B12-BD58-A892957582A1}.Debug|Any CPU.ActiveCfg = Debug|Any CPU
		{390778A3-35FD-4B12-BD58-A892957582A1}.Debug|Any CPU.Build.0 = Debug|Any CPU
		{390778A3-35FD-4B12-BD58-A892957582A1}.Release|Any CPU.ActiveCfg = Release|Any CPU
		{390778A3-35FD-4B12-BD58-A892957582A1}.Release|Any CPU.Build.0 = Release|Any CPU
		{CCB23500-64DF-4EC6-9273-37B7822481B7}.Debug|Any CPU.ActiveCfg = Debug|Any CPU
		{CCB23500-64DF-4EC6-9273-37B7822481B7}.Debug|Any CPU.Build.0 = Debug|Any CPU
		{CCB23500-64DF-4EC6-9273-37B7822481B7}.Release|Any CPU.ActiveCfg = Release|Any CPU
		{CCB23500-64DF-4EC6-9273-37B7822481B7}.Release|Any CPU.Build.0 = Release|Any CPU
		{F5A88C58-6CE9-4F2D-8E21-E740EE19B324}.Debug|Any CPU.ActiveCfg = Debug|Any CPU
		{F5A88C58-6CE9-4F2D-8E21-E740EE19B324}.Debug|Any CPU.Build.0 = Debug|Any CPU
		{F5A88C58-6CE9-4F2D-8E21-E740EE19B324}.Release|Any CPU.ActiveCfg = Release|Any CPU
		{F5A88C58-6CE9-4F2D-8E21-E740EE19B324}.Release|Any CPU.Build.0 = Release|Any CPU
		{0B6BFB66-EC10-419F-9EF3-20904E482048}.Debug|Any CPU.ActiveCfg = Debug|Any CPU
		{0B6BFB66-EC10-419F-9EF3-20904E482048}.Debug|Any CPU.Build.0 = Debug|Any CPU
		{0B6BFB66-EC10-419F-9EF3-20904E482048}.Release|Any CPU.ActiveCfg = Release|Any CPU
		{0B6BFB66-EC10-419F-9EF3-20904E482048}.Release|Any CPU.Build.0 = Release|Any CPU
		{4D468F9E-9039-487E-83B4-1F4912F1EFB5}.Debug|Any CPU.ActiveCfg = Debug|Any CPU
		{4D468F9E-9039-487E-83B4-1F4912F1EFB5}.Debug|Any CPU.Build.0 = Debug|Any CPU
		{4D468F9E-9039-487E-83B4-1F4912F1EFB5}.Release|Any CPU.ActiveCfg = Release|Any CPU
		{4D468F9E-9039-487E-83B4-1F4912F1EFB5}.Release|Any CPU.Build.0 = Release|Any CPU
		{F03B0255-17C7-4DF4-A3FD-2CFE43350DB0}.Debug|Any CPU.ActiveCfg = Debug|Any CPU
		{F03B0255-17C7-4DF4-A3FD-2CFE43350DB0}.Debug|Any CPU.Build.0 = Debug|Any CPU
		{F03B0255-17C7-4DF4-A3FD-2CFE43350DB0}.Release|Any CPU.ActiveCfg = Release|Any CPU
		{F03B0255-17C7-4DF4-A3FD-2CFE43350DB0}.Release|Any CPU.Build.0 = Release|Any CPU
	EndGlobalSection
EndGlobal
